
Microsoft Visual Studio Solution File, Format Version 12.00
# Visual Studio Version 17
VisualStudioVersion = 17.2.32519.379
MinimumVisualStudioVersion = 10.0.40219.1
Project("{9A19103F-16F7-4668-BE54-9A1E7A4F7556}") = "HealthChecks.API", "HealthChecks.API\HealthChecks.API.csproj", "{73AD79AB-0868-4927-8CD2-A21853A4184D}"
EndProject
Project("{2150E333-8FDC-42A3-9474-1A3956D46DE8}") = "Solution Items", "Solution Items", "{59FEAC99-C284-49E9-A9B6-B8544102925E}"
	ProjectSection(SolutionItems) = preProject
		..\.editorconfig = ..\.editorconfig
	EndProjectSection
EndProject
Global
	GlobalSection(SolutionConfigurationPlatforms) = preSolution
		Debug|Any CPU = Debug|Any CPU
		Release|Any CPU = Release|Any CPU
	EndGlobalSection
	GlobalSection(ProjectConfigurationPlatforms) = postSolution
		{73AD79AB-0868-4927-8CD2-A21853A4184D}.Debug|Any CPU.ActiveCfg = Debug|Any CPU
		{73AD79AB-0868-4927-8CD2-A21853A4184D}.Debug|Any CPU.Build.0 = Debug|Any CPU
		{73AD79AB-0868-4927-8CD2-A21853A4184D}.Release|Any CPU.ActiveCfg = Release|Any CPU
		{73AD79AB-0868-4927-8CD2-A21853A4184D}.Release|Any CPU.Build.0 = Release|Any CPU
	EndGlobalSection
	GlobalSection(SolutionProperties) = preSolution
		HideSolutionNode = FALSE
	EndGlobalSection
	GlobalSection(ExtensibilityGlobals) = postSolution
		SolutionGuid = {35C544CB-6041-46F6-B9FD-5DC26587F464}
	EndGlobalSection
EndGlobal
